
Microsoft Visual Studio Solution File, Format Version 12.00
# Visual Studio 2012
Project("{FAE04EC0-301F-11D3-BF4B-00C04F79EFBC}") = "Proyecto Integrador 3", "Proyecto Integrador 3\Proyecto Integrador 3.csproj", "{5A7D1BA6-0892-4828-8EE3-066B5A4D8FDD}"
EndProject
Project("{FAE04EC0-301F-11D3-BF4B-00C04F79EFBC}") = "PI Simuladores", "PI Simuladores\PI Simuladores.csproj", "{BC369CB3-AAA8-40A4-84BF-BA2E4461A0E1}"
EndProject
Project("{FAE04EC0-301F-11D3-BF4B-00C04F79EFBC}") = "Bulk Usuarios Parser", "Bulk Usuarios Parser\Bulk Usuarios Parser.csproj", "{90D96A4B-107E-43E2-85E9-CFEDF2035BE3}"
EndProject
Global
	GlobalSection(SolutionConfigurationPlatforms) = preSolution
		Debug|Any CPU = Debug|Any CPU
		Release|Any CPU = Release|Any CPU
	EndGlobalSection
	GlobalSection(ProjectConfigurationPlatforms) = postSolution
		{5A7D1BA6-0892-4828-8EE3-066B5A4D8FDD}.Debug|Any CPU.ActiveCfg = Debug|Any CPU
		{5A7D1BA6-0892-4828-8EE3-066B5A4D8FDD}.Debug|Any CPU.Build.0 = Debug|Any CPU
		{5A7D1BA6-0892-4828-8EE3-066B5A4D8FDD}.Release|Any CPU.ActiveCfg = Release|Any CPU
		{5A7D1BA6-0892-4828-8EE3-066B5A4D8FDD}.Release|Any CPU.Build.0 = Release|Any CPU
		{BC369CB3-AAA8-40A4-84BF-BA2E4461A0E1}.Debug|Any CPU.ActiveCfg = Debug|Any CPU
		{BC369CB3-AAA8-40A4-84BF-BA2E4461A0E1}.Debug|Any CPU.Build.0 = Debug|Any CPU
		{BC369CB3-AAA8-40A4-84BF-BA2E4461A0E1}.Release|Any CPU.ActiveCfg = Release|Any CPU
		{BC369CB3-AAA8-40A4-84BF-BA2E4461A0E1}.Release|Any CPU.Build.0 = Release|Any CPU
		{90D96A4B-107E-43E2-85E9-CFEDF2035BE3}.Debug|Any CPU.ActiveCfg = Debug|Any CPU
		{90D96A4B-107E-43E2-85E9-CFEDF2035BE3}.Debug|Any CPU.Build.0 = Debug|Any CPU
		{90D96A4B-107E-43E2-85E9-CFEDF2035BE3}.Release|Any CPU.ActiveCfg = Release|Any CPU
		{90D96A4B-107E-43E2-85E9-CFEDF2035BE3}.Release|Any CPU.Build.0 = Release|Any CPU
	EndGlobalSection
	GlobalSection(SolutionProperties) = preSolution
		HideSolutionNode = FALSE
	EndGlobalSection
EndGlobal
